
Microsoft Visual Studio Solution File, Format Version 12.00
# Visual Studio Version 16
VisualStudioVersion = 16.0.30320.27
MinimumVisualStudioVersion = 10.0.40219.1
Project("{FAE04EC0-301F-11D3-BF4B-00C04F79EFBC}") = "ajme", "ajme\ajme.csproj", "{47957D14-3BD0-4B90-B948-2F15ED163242}"
EndProject
Global
	GlobalSection(SolutionConfigurationPlatforms) = preSolution
		Debug|Any CPU = Debug|Any CPU
		Release|Any CPU = Release|Any CPU
	EndGlobalSection
	GlobalSection(ProjectConfigurationPlatforms) = postSolution
		{47957D14-3BD0-4B90-B948-2F15ED163242}.Debug|Any CPU.ActiveCfg = Debug|Any CPU
		{47957D14-3BD0-4B90-B948-2F15ED163242}.Debug|Any CPU.Build.0 = Debug|Any CPU
		{47957D14-3BD0-4B90-B948-2F15ED163242}.Release|Any CPU.ActiveCfg = Release|Any CPU
		{47957D14-3BD0-4B90-B948-2F15ED163242}.Release|Any CPU.Build.0 = Release|Any CPU
	EndGlobalSection
	GlobalSection(SolutionProperties) = preSolution
		HideSolutionNode = FALSE
	EndGlobalSection
	GlobalSection(ExtensibilityGlobals) = postSolution
		SolutionGuid = {9E6D7CC2-CCC2-4C66-B71E-EC1A20DD9AA6}
	EndGlobalSection
EndGlobal
